
Microsoft Visual Studio Solution File, Format Version 12.00
# Visual Studio Version 16
VisualStudioVersion = 16.0.32228.343
MinimumVisualStudioVersion = 10.0.40219.1
Project("{FAE04EC0-301F-11D3-BF4B-00C04F79EFBC}") = "Dropdown_Tp5", "Dropdown_Tp5\Dropdown_Tp5.csproj", "{535F12FF-498E-4444-BC13-D92916BD9D7E}"
EndProject
Global
	GlobalSection(SolutionConfigurationPlatforms) = preSolution
		Debug|Any CPU = Debug|Any CPU
		Release|Any CPU = Release|Any CPU
	EndGlobalSection
	GlobalSection(ProjectConfigurationPlatforms) = postSolution
		{535F12FF-498E-4444-BC13-D92916BD9D7E}.Debug|Any CPU.ActiveCfg = Debug|Any CPU
		{535F12FF-498E-4444-BC13-D92916BD9D7E}.Debug|Any CPU.Build.0 = Debug|Any CPU
		{535F12FF-498E-4444-BC13-D92916BD9D7E}.Release|Any CPU.ActiveCfg = Release|Any CPU
		{535F12FF-498E-4444-BC13-D92916BD9D7E}.Release|Any CPU.Build.0 = Release|Any CPU
	EndGlobalSection
	GlobalSection(SolutionProperties) = preSolution
		HideSolutionNode = FALSE
	EndGlobalSection
	GlobalSection(ExtensibilityGlobals) = postSolution
		SolutionGuid = {E07D279D-E1DB-41C7-8FA4-FD7A425744E9}
	EndGlobalSection
EndGlobal
